
Microsoft Visual Studio Solution File, Format Version 12.00
# Visual Studio Version 16
VisualStudioVersion = 16.0.31313.79
MinimumVisualStudioVersion = 10.0.40219.1
Project("{9A19103F-16F7-4668-BE54-9A1E7A4F7556}") = "MayTinh", "MayTinh\MayTinh.csproj", "{18CABE91-3C7E-428F-AE68-680B2D2DC98D}"
EndProject
Global
	GlobalSection(SolutionConfigurationPlatforms) = preSolution
		Debug|Any CPU = Debug|Any CPU
		Release|Any CPU = Release|Any CPU
	EndGlobalSection
	GlobalSection(ProjectConfigurationPlatforms) = postSolution
		{18CABE91-3C7E-428F-AE68-680B2D2DC98D}.Debug|Any CPU.ActiveCfg = Debug|Any CPU
		{18CABE91-3C7E-428F-AE68-680B2D2DC98D}.Debug|Any CPU.Build.0 = Debug|Any CPU
		{18CABE91-3C7E-428F-AE68-680B2D2DC98D}.Release|Any CPU.ActiveCfg = Release|Any CPU
		{18CABE91-3C7E-428F-AE68-680B2D2DC98D}.Release|Any CPU.Build.0 = Release|Any CPU
	EndGlobalSection
	GlobalSection(SolutionProperties) = preSolution
		HideSolutionNode = FALSE
	EndGlobalSection
	GlobalSection(ExtensibilityGlobals) = postSolution
		SolutionGuid = {05354527-5153-4427-8F8E-55555D81A1B2}
	EndGlobalSection
EndGlobal
